Microsoft Visual Studio Solution File, Format Version 12.00
# Visual Studio 15
VisualStudioVersion = 15.0.27130.2027
MinimumVisualStudioVersion = 10.0.40219.1
Project("{D954291E-2A0B-460D-934E-DC6B0785DB48}") = "pushsample", "pushsample\pushsample.shproj", "{1B8379F7-78AB-421D-B82C-4F49F38F4EB9}"
EndProject
Project("{FAE04EC0-301F-11D3-BF4B-00C04F79EFBC}") = "pushsample.iOS", "iOS\pushsample.iOS.csproj", "{E57D34AB-6970-4DDA-947A-966CB658373E}"
EndProject
Project("{FAE04EC0-301F-11D3-BF4B-00C04F79EFBC}") = "pushsample.Droid", "Droid\pushsample.Droid.csproj", "{277448BF-446F-4FCF-81F1-6FA847C800DA}"
EndProject
Project("{9A19103F-16F7-4668-BE54-9A1E7A4F7556}") = "AndroidConsoleTriggerNotifications", "AndroidConsoleTriggerNotifications\AndroidConsoleTriggerNotifications.csproj", "{BB92625E-75FA-40E2-B812-D56E6246C62B}"
EndProject
Project("{FAE04EC0-301F-11D3-BF4B-00C04F79EFBC}") = "AndroidNotificationViaFunction", "AndroidNotificationViaFunction\AndroidNotificationViaFunction.csproj", "{926E3CC2-9CF9-4FBD-8E8B-97E896F7C3E4}"
EndProject
Project("{D954291E-2A0B-460D-934E-DC6B0785DB48}") = "AndroidAzureConstants", "AndroidAzureConstants\AndroidAzureConstants.shproj", "{6121B0F3-2982-465C-AFA2-32A2E560DE4D}"
EndProject
Global
	GlobalSection(SharedMSBuildProjectFiles) = preSolution
		pushsample\pushsample.projitems*{1b8379f7-78ab-421d-b82c-4f49f38f4eb9}*SharedItemsImports = 13
		pushsample\pushsample.projitems*{277448bf-446f-4fcf-81f1-6fa847c800da}*SharedItemsImports = 4
		AndroidAzureConstants\AndroidAzureConstants.projitems*{6121b0f3-2982-465c-afa2-32a2e560de4d}*SharedItemsImports = 13
		pushsample\pushsample.projitems*{e57d34ab-6970-4dda-947a-966cb658373e}*SharedItemsImports = 4
	EndGlobalSection
	GlobalSection(SolutionConfigurationPlatforms) = preSolution
		Debug|Any CPU = Debug|Any CPU
		Debug|iPhone = Debug|iPhone
		Debug|iPhoneSimulator = Debug|iPhoneSimulator
		Release|Any CPU = Release|Any CPU
		Release|iPhone = Release|iPhone
		Release|iPhoneSimulator = Release|iPhoneSimulator
	EndGlobalSection
	GlobalSection(ProjectConfigurationPlatforms) = postSolution
		{E57D34AB-6970-4DDA-947A-966CB658373E}.Debug|Any CPU.ActiveCfg = Debug|iPhoneSimulator
		{E57D34AB-6970-4DDA-947A-966CB658373E}.Debug|Any CPU.Build.0 = Debug|iPhoneSimulator
		{E57D34AB-6970-4DDA-947A-966CB658373E}.Debug|iPhone.ActiveCfg = Debug|iPhone
		{E57D34AB-6970-4DDA-947A-966CB658373E}.Debug|iPhone.Build.0 = Debug|iPhone
		{E57D34AB-6970-4DDA-947A-966CB658373E}.Debug|iPhoneSimulator.ActiveCfg = Debug|iPhoneSimulator
		{E57D34AB-6970-4DDA-947A-966CB658373E}.Debug|iPhoneSimulator.Build.0 = Debug|iPhoneSimulator
		{E57D34AB-6970-4DDA-947A-966CB658373E}.Release|Any CPU.ActiveCfg = Release|iPhone
		{E57D34AB-6970-4DDA-947A-966CB658373E}.Release|Any CPU.Build.0 = Release|iPhone
		{E57D34AB-6970-4DDA-947A-966CB658373E}.Release|iPhone.ActiveCfg = Release|iPhone
		{E57D34AB-6970-4DDA-947A-966CB658373E}.Release|iPhone.Build.0 = Release|iPhone
		{E57D34AB-6970-4DDA-947A-966CB658373E}.Release|iPhoneSimulator.ActiveCfg = Release|iPhoneSimulator
		{E57D34AB-6970-4DDA-947A-966CB658373E}.Release|iPhoneSimulator.Build.0 = Release|iPhoneSimulator
		{277448BF-446F-4FCF-81F1-6FA847C800DA}.Debug|Any CPU.ActiveCfg = Debug|Any CPU
		{277448BF-446F-4FCF-81F1-6FA847C800DA}.Debug|Any CPU.Build.0 = Debug|Any CPU
		{277448BF-446F-4FCF-81F1-6FA847C800DA}.Debug|iPhone.ActiveCfg = Debug|Any CPU
		{277448BF-446F-4FCF-81F1-6FA847C800DA}.Debug|iPhone.Build.0 = Debug|Any CPU
		{277448BF-446F-4FCF-81F1-6FA847C800DA}.Debug|iPhoneSimulator.ActiveCfg = Debug|Any CPU
		{277448BF-446F-4FCF-81F1-6FA847C800DA}.Debug|iPhoneSimulator.Build.0 = Debug|Any CPU
		{277448BF-446F-4FCF-81F1-6FA847C800DA}.Release|Any CPU.ActiveCfg = Release|Any CPU
		{277448BF-446F-4FCF-81F1-6FA847C800DA}.Release|Any CPU.Build.0 = Release|Any CPU
		{277448BF-446F-4FCF-81F1-6FA847C800DA}.Release|iPhone.ActiveCfg = Release|Any CPU
		{277448BF-446F-4FCF-81F1-6FA847C800DA}.Release|iPhone.Build.0 = Release|Any CPU
		{277448BF-446F-4FCF-81F1-6FA847C800DA}.Release|iPhoneSimulator.ActiveCfg = Release|Any CPU
		{277448BF-446F-4FCF-81F1-6FA847C800DA}.Release|iPhoneSimulator.Build.0 = Release|Any CPU
		{BB92625E-75FA-40E2-B812-D56E6246C62B}.Debug|Any CPU.ActiveCfg = Debug|Any CPU
		{BB92625E-75FA-40E2-B812-D56E6246C62B}.Debug|Any CPU.Build.0 = Debug|Any CPU
		{BB92625E-75FA-40E2-B812-D56E6246C62B}.Debug|iPhone.ActiveCfg = Debug|Any CPU
		{BB92625E-75FA-40E2-B812-D56E6246C62B}.Debug|iPhone.Build.0 = Debug|Any CPU
		{BB92625E-75FA-40E2-B812-D56E6246C62B}.Debug|iPhoneSimulator.ActiveCfg = Debug|Any CPU
		{BB92625E-75FA-40E2-B812-D56E6246C62B}.Debug|iPhoneSimulator.Build.0 = Debug|Any CPU
		{BB92625E-75FA-40E2-B812-D56E6246C62B}.Release|Any CPU.ActiveCfg = Release|Any CPU
		{BB92625E-75FA-40E2-B812-D56E6246C62B}.Release|Any CPU.Build.0 = Release|Any CPU
		{BB92625E-75FA-40E2-B812-D56E6246C62B}.Release|iPhone.ActiveCfg = Release|Any CPU
		{BB92625E-75FA-40E2-B812-D56E6246C62B}.Release|iPhone.Build.0 = Release|Any CPU
		{BB92625E-75FA-40E2-B812-D56E6246C62B}.Release|iPhoneSimulator.ActiveCfg = Release|Any CPU
		{BB92625E-75FA-40E2-B812-D56E6246C62B}.Release|iPhoneSimulator.Build.0 = Release|Any CPU
		{926E3CC2-9CF9-4FBD-8E8B-97E896F7C3E4}.Debug|Any CPU.ActiveCfg = Debug|Any CPU
		{926E3CC2-9CF9-4FBD-8E8B-97E896F7C3E4}.Debug|Any CPU.Build.0 = Debug|Any CPU
		{926E3CC2-9CF9-4FBD-8E8B-97E896F7C3E4}.Debug|iPhone.ActiveCfg = Debug|Any CPU
		{926E3CC2-9CF9-4FBD-8E8B-97E896F7C3E4}.Debug|iPhone.Build.0 = Debug|Any CPU
		{926E3CC2-9CF9-4FBD-8E8B-97E896F7C3E4}.Debug|iPhoneSimulator.ActiveCfg = Debug|Any CPU
		{926E3CC2-9CF9-4FBD-8E8B-97E896F7C3E4}.Debug|iPhoneSimulator.Build.0 = Debug|Any CPU
		{926E3CC2-9CF9-4FBD-8E8B-97E896F7C3E4}.Release|Any CPU.ActiveCfg = Release|Any CPU
		{926E3CC2-9CF9-4FBD-8E8B-97E896F7C3E4}.Release|Any CPU.Build.0 = Release|Any CPU
		{926E3CC2-9CF9-4FBD-8E8B-97E896F7C3E4}.Release|iPhone.ActiveCfg = Release|Any CPU
		{926E3CC2-9CF9-4FBD-8E8B-97E896F7C3E4}.Release|iPhone.Build.0 = Release|Any CPU
		{926E3CC2-9CF9-4FBD-8E8B-97E896F7C3E4}.Release|iPhoneSimulator.ActiveCfg = Release|Any CPU
		{926E3CC2-9CF9-4FBD-8E8B-97E896F7C3E4}.Release|iPhoneSimulator.Build.0 = Release|Any CPU
	EndGlobalSection
	GlobalSection(SolutionProperties) = preSolution
		HideSolutionNode = FALSE
	EndGlobalSection
	GlobalSection(ExtensibilityGlobals) = postSolution
		SolutionGuid = {6A19038B-E84C-4CE7-82F9-106FBBD35369}
	EndGlobalSection
EndGlobal
